
Microsoft Visual Studio Solution File, Format Version 12.00
# Visual Studio Version 17
VisualStudioVersion = 17.9.34728.123
MinimumVisualStudioVersion = 10.0.40219.1
Project("{FAE04EC0-301F-11D3-BF4B-00C04F79EFBC}") = "DoerList", "DoerList\DoerList.csproj", "{4AAAA5A9-166E-494D-92F0-B0B7E291863F}"
EndProject
Global
	GlobalSection(SolutionConfigurationPlatforms) = preSolution
		Debug|Any CPU = Debug|Any CPU
		Release|Any CPU = Release|Any CPU
	EndGlobalSection
	GlobalSection(ProjectConfigurationPlatforms) = postSolution
		{4AAAA5A9-166E-494D-92F0-B0B7E291863F}.Debug|Any CPU.ActiveCfg = Debug|Any CPU
		{4AAAA5A9-166E-494D-92F0-B0B7E291863F}.Debug|Any CPU.Build.0 = Debug|Any CPU
		{4AAAA5A9-166E-494D-92F0-B0B7E291863F}.Release|Any CPU.ActiveCfg = Release|Any CPU
		{4AAAA5A9-166E-494D-92F0-B0B7E291863F}.Release|Any CPU.Build.0 = Release|Any CPU
	EndGlobalSection
	GlobalSection(SolutionProperties) = preSolution
		HideSolutionNode = FALSE
	EndGlobalSection
	GlobalSection(ExtensibilityGlobals) = postSolution
		SolutionGuid = {7C1CB341-A713-4F6A-8285-21F9E04E5C8D}
	EndGlobalSection
EndGlobal
